<?xml version="1.0" encoding="utf-8"?>
<Project ToolsVersion="4.0" xmlns="http://schemas.microsoft.com/developer/msbuild/2003">
  <ItemGroup>
    <Filter Include="Header Files">
      <UniqueIdentifier>{93995380-89BD-4b04-88EB-625FBE52EBFB}</UniqueIdentifier>
      <Extensions>h;hh;hpp;hxx;hm;inl;inc;xsd</Extensions>
    </Filter>
  </ItemGroup>
  <ItemGroup>
    <ClCompile Include="tads.cpp" />
    <ClCompile Include="tapi32ex.cpp" />
    <ClCompile Include="tapi32u8.cpp" />
    <ClCompile Include="tapp.cpp" />
    <ClCompile Include="tdlg.cpp" />
    <ClCompile Include="tini.cpp" />
    <ClCompile Include="tmisc.cpp" />
    <ClCompile Include="tregist.cpp" />
    <ClCompile Include="twin.cpp" />
  </ItemGroup>
  <ItemGroup>
    <ClInclude Include="tapi32ex.h">
      <Filter>Header Files</Filter>
    </ClInclude>
    <ClInclude Include="tapi32u8.h">
      <Filter>Header Files</Filter>
    </ClInclude>
    <ClInclude Include="tlib.h">
      <Filter>Header Files</Filter>
    </ClInclude>
    <ClInclude Include="tmisc.h">
      <Filter>Header Files</Filter>
    </ClInclude>
  </ItemGroup>
</Project>